// !$*UTF8*$!
{
	archiveVersion = 1;
	classes = {
	};
	objectVersion = 50;
	objects = {

/* Begin PBXBuildFile section */
		6AF3B8A023D0191600F307CD /* AppDelegate.swift in Sources */ = {isa = PBXBuildFile; fileRef = 6AF3B89F23D0191600F307CD /* AppDelegate.swift */; };
		6AF3B8A223D0191600F307CD /* SceneDelegate.swift in Sources */ = {isa = PBXBuildFile; fileRef = 6AF3B8A123D0191600F307CD /* SceneDelegate.swift */; };
		6AF3B8A423D0191600F307CD /* ContentView.swift in Sources */ = {isa = PBXBuildFile; fileRef = 6AF3B8A323D0191600F307CD /* ContentView.swift */; };
		6AF3B8A623D0191B00F307CD /* Assets.xcassets in Resources */ = {isa = PBXBuildFile; fileRef = 6AF3B8A523D0191B00F307CD /* Assets.xcassets */; };
		6AF3B8A923D0191B00F307CD /* Preview Assets.xcassets in Resources */ = {isa = PBXBuildFile; fileRef = 6AF3B8A823D0191B00F307CD /* Preview Assets.xcassets */; };
		6AF3B8AC23D0191B00F307CD /* LaunchScreen.storyboard in Resources */ = {isa = PBXBuildFile; fileRef = 6AF3B8AA23D0191B00F307CD /* LaunchScreen.storyboard */; };
		6AF3B8B723D0191C00F307CD /* SPD_AttendanceTests.swift in Sources */ = {isa = PBXBuildFile; fileRef = 6AF3B8B623D0191C00F307CD /* SPD_AttendanceTests.swift */; };
		6AF3B8C223D0191C00F307CD /* SPD_AttendanceUITests.swift in Sources */ = {isa = PBXBuildFile; fileRef = 6AF3B8C123D0191C00F307CD /* SPD_AttendanceUITests.swift */; };
/* End PBXBuildFile section */

/* Begin PBXContainerItemProxy section */
		6AF3B8B323D0191C00F307CD /* PBXContainerItemProxy */ = {
			isa = PBXContainerItemProxy;
			containerPortal = 6AF3B89423D0191600F307CD /* Project object */;
			proxyType = 1;
			remoteGlobalIDString = 6AF3B89B23D0191600F307CD;
			remoteInfo = "SPD Attendance";
		};
		6AF3B8BE23D0191C00F307CD /* PBXContainerItemProxy */ = {
			isa = PBXContainerItemProxy;
			containerPortal = 6AF3B89423D0191600F307CD /* Project object */;
			proxyType = 1;
			remoteGlobalIDString = 6AF3B89B23D0191600F307CD;
			remoteInfo = "SPD Attendance";
		};
/* End PBXContainerItemProxy section */

/* Begin PBXFileReference section */
		6AF3B89C23D0191600F307CD /* SPD Attendance.app */ = {isa = PBXFileReference; explicitFileType = wrapper.application; includeInIndex = 0; path = "SPD Attendance.app"; sourceTree = BUILT_PRODUCTS_DIR; };
		6AF3B89F23D0191600F307CD /* AppDelegate.swift */ = {isa = PBXFileReference; lastKnownFileType = sourcecode.swift; path = AppDelegate.swift; sourceTree = "<group>"; };
		6AF3B8A123D0191600F307CD /* SceneDelegate.swift */ = {isa = PBXFileReference; lastKnownFileType = sourcecode.swift; path = SceneDelegate.swift; sourceTree = "<group>"; };
		6AF3B8A323D0191600F307CD /* ContentView.swift */ = {isa = PBXFileReference; lastKnownFileType = sourcecode.swift; path = ContentView.swift; sourceTree = "<group>"; };
		6AF3B8A523D0191B00F307CD /* Assets.xcassets */ = {isa = PBXFileReference; lastKnownFileType = folder.assetcatalog; path = Assets.xcassets; sourceTree = "<group>"; };
		6AF3B8A823D0191B00F307CD /* Preview Assets.xcassets */ = {isa = PBXFileReference; lastKnownFileType = folder.assetcatalog; path = "Preview Assets.xcassets"; sourceTree = "<group>"; };
		6AF3B8AB23D0191B00F307CD /* Base */ = {isa = PBXFileReference; lastKnownFileType = file.storyboard; name = Base; path = Base.lproj/LaunchScreen.storyboard; sourceTree = "<group>"; };
		6AF3B8AD23D0191B00F307CD /* Info.plist */ = {isa = PBXFileReference; lastKnownFileType = text.plist.xml; path = Info.plist; sourceTree = "<group>"; };
		6AF3B8B223D0191C00F307CD /* SPD AttendanceTests.xctest */ = {isa = PBXFileReference; explicitFileType = wrapper.cfbundle; includeInIndex = 0; path = "SPD AttendanceTests.xctest"; sourceTree = BUILT_PRODUCTS_DIR; };
		6AF3B8B623D0191C00F307CD /* SPD_AttendanceTests.swift */ = {isa = PBXFileReference; lastKnownFileType = sourcecode.swift; path = SPD_AttendanceTests.swift; sourceTree = "<group>"; };
		6AF3B8B823D0191C00F307CD /* Info.plist */ = {isa = PBXFileReference; lastKnownFileType = text.plist.xml; path = Info.plist; sourceTree = "<group>"; };
		6AF3B8BD23D0191C00F307CD /* SPD AttendanceUITests.xctest */ = {isa = PBXFileReference; explicitFileType = wrapper.cfbundle; includeInIndex = 0; path = "SPD AttendanceUITests.xctest"; sourceTree = BUILT_PRODUCTS_DIR; };
		6AF3B8C123D0191C00F307CD /* SPD_AttendanceUITests.swift */ = {isa = PBXFileReference; lastKnownFileType = sourcecode.swift; path = SPD_AttendanceUITests.swift; sourceTree = "<group>"; };
		6AF3B8C323D0191C00F307CD /* Info.plist */ = {isa = PBXFileReference; lastKnownFileType = text.plist.xml; path = Info.plist; sourceTree = "<group>"; };
/* End PBXFileReference section */

/* Begin PBXFrameworksBuildPhase section */
		6AF3B89923D0191600F307CD /* Frameworks */ = {
			isa = PBXFrameworksBuildPhase;
			buildActionMask = 2147483647;
			files = (
			);
			runOnlyForDeploymentPostprocessing = 0;
		};
		6AF3B8AF23D0191C00F307CD /* Frameworks */ = {
			isa = PBXFrameworksBuildPhase;
			buildActionMask = 2147483647;
			files = (
			);
			runOnlyForDeploymentPostprocessing = 0;
		};
		6AF3B8BA23D0191C00F307CD /* Frameworks */ = {
			isa = PBXFrameworksBuildPhase;
			buildActionMask = 2147483647;
			files = (
			);
			runOnlyForDeploymentPostprocessing = 0;
		};
/* End PBXFrameworksBuildPhase section */

/* Begin PBXGroup section */
		6AF3B89323D0191600F307CD = {
			isa = PBXGroup;
			children = (
				6AF3B89E23D0191600F307CD /* SPD Attendance */,
				6AF3B8B523D0191C00F307CD /* SPD AttendanceTests */,
				6AF3B8C023D0191C00F307CD /* SPD AttendanceUITests */,
				6AF3B89D23D0191600F307CD /* Products */,
			);
			sourceTree = "<group>";
		};
		6AF3B89D23D0191600F307CD /* Products */ = {
			isa = PBXGroup;
			children = (
				6AF3B89C23D0191600F307CD /* SPD Attendance.app */,
				6AF3B8B223D0191C00F307CD /* SPD AttendanceTests.xctest */,
				6AF3B8BD23D0191C00F307CD /* SPD AttendanceUITests.xctest */,
			);
			name = Products;
			sourceTree = "<group>";
		};
		6AF3B89E23D0191600F307CD /* SPD Attendance */ = {
			isa = PBXGroup;
			children = (
				6AF3B89F23D0191600F307CD /* AppDelegate.swift */,
				6AF3B8A123D0191600F307CD /* SceneDelegate.swift */,
				6AF3B8A323D0191600F307CD /* ContentView.swift */,
				6AF3B8A523D0191B00F307CD /* Assets.xcassets */,
				6AF3B8AA23D0191B00F307CD /* LaunchScreen.storyboard */,
				6AF3B8AD23D0191B00F307CD /* Info.plist */,
				6AF3B8A723D0191B00F307CD /* Preview Content */,
			);
			path = "SPD Attendance";
			sourceTree = "<group>";
		};
		6AF3B8A723D0191B00F307CD /* Preview Content */ = {
			isa = PBXGroup;
			children = (
				6AF3B8A823D0191B00F307CD /* Preview Assets.xcassets */,
			);
			path = "Preview Content";
			sourceTree = "<group>";
		};
		6AF3B8B523D0191C00F307CD /* SPD AttendanceTests */ = {
			isa = PBXGroup;
			children = (
				6AF3B8B623D0191C00F307CD /* SPD_AttendanceTests.swift */,
				6AF3B8B823D0191C00F307CD /* Info.plist */,
			);
			path = "SPD AttendanceTests";
			sourceTree = "<group>";
		};
		6AF3B8C023D0191C00F307CD /* SPD AttendanceUITests */ = {
			isa = PBXGroup;
			children = (
				6AF3B8C123D0191C00F307CD /* SPD_AttendanceUITests.swift */,
				6AF3B8C323D0191C00F307CD /* Info.plist */,
			);
			path = "SPD AttendanceUITests";
			sourceTree = "<group>";
		};
/* End PBXGroup section */

/* Begin PBXNativeTarget section */
		6AF3B89B23D0191600F307CD /* SPD Attendance */ = {
			isa = PBXNativeTarget;
			buildConfigurationList = 6AF3B8C623D0191C00F307CD /* Build configuration list for PBXNativeTarget "SPD Attendance" */;
			buildPhases = (
				6AF3B89823D0191600F307CD /* Sources */,
				6AF3B89923D0191600F307CD /* Frameworks */,
				6AF3B89A23D0191600F307CD /* Resources */,
			);
			buildRules = (
			);
			dependencies = (
			);
			name = "SPD Attendance";
			productName = "SPD Attendance";
			productReference = 6AF3B89C23D0191600F307CD /* SPD Attendance.app */;
			productType = "com.apple.product-type.application";
		};
		6AF3B8B123D0191C00F307CD /* SPD AttendanceTests */ = {
			isa = PBXNativeTarget;
			buildConfigurationList = 6AF3B8C923D0191C00F307CD /* Build configuration list for PBXNativeTarget "SPD AttendanceTests" */;
			buildPhases = (
				6AF3B8AE23D0191C00F307CD /* Sources */,
				6AF3B8AF23D0191C00F307CD /* Frameworks */,
				6AF3B8B023D0191C00F307CD /* Resources */,
			);
			buildRules = (
			);
			dependencies = (
				6AF3B8B423D0191C00F307CD /* PBXTargetDependency */,
			);
			name = "SPD AttendanceTests";
			productName = "SPD AttendanceTests";
			productReference = 6AF3B8B223D0191C00F307CD /* SPD AttendanceTests.xctest */;
			productType = "com.apple.product-type.bundle.unit-test";
		};
		6AF3B8BC23D0191C00F307CD /* SPD AttendanceUITests */ = {
			isa = PBXNativeTarget;
			buildConfigurationList = 6AF3B8CC23D0191C00F307CD /* Build configuration list for PBXNativeTarget "SPD AttendanceUITests" */;
			buildPhases = (
				6AF3B8B923D0191C00F307CD /* Sources */,
				6AF3B8BA23D0191C00F307CD /* Frameworks */,
				6AF3B8BB23D0191C00F307CD /* Resources */,
			);
			buildRules = (
			);
			dependencies = (
				6AF3B8BF23D0191C00F307CD /* PBXTargetDependency */,
			);
			name = "SPD AttendanceUITests";
			productName = "SPD AttendanceUITests";
			productReference = 6AF3B8BD23D0191C00F307CD /* SPD AttendanceUITests.xctest */;
			productType = "com.apple.product-type.bundle.ui-testing";
		};
/* End PBXNativeTarget section */

/* Begin PBXProject section */
		6AF3B89423D0191600F307CD /* Project object */ = {
			isa = PBXProject;
			attributes = {
				LastSwiftUpdateCheck = 1130;
				LastUpgradeCheck = 1130;
				ORGANIZATIONNAME = "Jason Drews";
				TargetAttributes = {
					6AF3B89B23D0191600F307CD = {
						CreatedOnToolsVersion = 11.3.1;
					};
					6AF3B8B123D0191C00F307CD = {
						CreatedOnToolsVersion = 11.3.1;
						TestTargetID = 6AF3B89B23D0191600F307CD;
					};
					6AF3B8BC23D0191C00F307CD = {
						CreatedOnToolsVersion = 11.3.1;
						TestTargetID = 6AF3B89B23D0191600F307CD;
					};
				};
			};
			buildConfigurationList = 6AF3B89723D0191600F307CD /* Build configuration list for PBXProject "SPD Attendance" */;
			compatibilityVersion = "Xcode 9.3";
			developmentRegion = en;
			hasScannedForEncodings = 0;
			knownRegions = (
				en,
				Base,
			);
			mainGroup = 6AF3B89323D0191600F307CD;
			productRefGroup = 6AF3B89D23D0191600F307CD /* Products */;
			projectDirPath = "";
			projectRoot = "";
			targets = (
				6AF3B89B23D0191600F307CD /* SPD Attendance */,
				6AF3B8B123D0191C00F307CD /* SPD AttendanceTests */,
				6AF3B8BC23D0191C00F307CD /* SPD AttendanceUITests */,
			);
		};
/* End PBXProject section */

/* Begin PBXResourcesBuildPhase section */
		6AF3B89A23D0191600F307CD /* Resources */ = {
			isa = PBXResourcesBuildPhase;
			buildActionMask = 2147483647;
			files = (
				6AF3B8AC23D0191B00F307CD /* LaunchScreen.storyboard in Resources */,
				6AF3B8A923D0191B00F307CD /* Preview Assets.xcassets in Resources */,
				6AF3B8A623D0191B00F307CD /* Assets.xcassets in Resources */,
			);
			runOnlyForDeploymentPostprocessing = 0;
		};
		6AF3B8B023D0191C00F307CD /* Resources */ = {
			isa = PBXResourcesBuildPhase;
			buildActionMask = 2147483647;
			files = (
			);
			runOnlyForDeploymentPostprocessing = 0;
		};
		6AF3B8BB23D0191C00F307CD /* Resources */ = {
			isa = PBXResourcesBuildPhase;
			buildActionMask = 2147483647;
			files = (
			);
			runOnlyForDeploymentPostprocessing = 0;
		};
/* End PBXResourcesBuildPhase section */

/* Begin PBXSourcesBuildPhase section */
		6AF3B89823D0191600F307CD /* Sources */ = {
			isa = PBXSourcesBuildPhase;
			buildActionMask = 2147483647;
			files = (
				6AF3B8A023D0191600F307CD /* AppDelegate.swift in Sources */,
				6AF3B8A223D0191600F307CD /* SceneDelegate.swift in Sources */,
				6AF3B8A423D0191600F307CD /* ContentView.swift in Sources */,
			);
			runOnlyForDeploymentPostprocessing = 0;
		};
		6AF3B8AE23D0191C00F307CD /* Sources */ = {
			isa = PBXSourcesBuildPhase;
			buildActionMask = 2147483647;
			files = (
				6AF3B8B723D0191C00F307CD /* SPD_AttendanceTests.swift in Sources */,
			);
			runOnlyForDeploymentPostprocessing = 0;
		};
		6AF3B8B923D0191C00F307CD /* Sources */ = {
			isa = PBXSourcesBuildPhase;
			buildActionMask = 2147483647;
			files = (
				6AF3B8C223D0191C00F307CD /* SPD_AttendanceUITests.swift in Sources */,
			);
			runOnlyForDeploymentPostprocessing = 0;
		};
/* End PBXSourcesBuildPhase section */

/* Begin PBXTargetDependency section */
		6AF3B8B423D0191C00F307CD /* PBXTargetDependency */ = {
			isa = PBXTargetDependency;
			target = 6AF3B89B23D0191600F307CD /* SPD Attendance */;
			targetProxy = 6AF3B8B323D0191C00F307CD /* PBXContainerItemProxy */;
		};
		6AF3B8BF23D0191C00F307CD /* PBXTargetDependency */ = {
			isa = PBXTargetDependency;
			target = 6AF3B89B23D0191600F307CD /* SPD Attendance */;
			targetProxy = 6AF3B8BE23D0191C00F307CD /* PBXContainerItemProxy */;
		};
/* End PBXTargetDependency section */

/* Begin PBXVariantGroup section */
		6AF3B8AA23D0191B00F307CD /* LaunchScreen.storyboard */ = {
			isa = PBXVariantGroup;
			children = (
				6AF3B8AB23D0191B00F307CD /* Base */,
			);
			name = LaunchScreen.storyboard;
			sourceTree = "<group>";
		};
/* End PBXVariantGroup section */

/* Begin XCBuildConfiguration section */
		6AF3B8C423D0191C00F307CD /* Debug */ = {
			isa = XCBuildConfiguration;
			buildSettings = {
				ALWAYS_SEARCH_USER_PATHS = NO;
				CLANG_ANALYZER_NONNULL = YES;
				CLANG_ANALYZER_NUMBER_OBJECT_CONVERSION = YES_AGGRESSIVE;
				CLANG_CXX_LANGUAGE_STANDARD = "gnu++14";
				CLANG_CXX_LIBRARY = "libc++";
				CLANG_ENABLE_MODULES = YES;
				CLANG_ENABLE_OBJC_ARC = YES;
				CLANG_ENABLE_OBJC_WEAK = YES;
				CLANG_WARN_BLOCK_CAPTURE_AUTORELEASING = YES;
				CLANG_WARN_BOOL_CONVERSION = YES;
				CLANG_WARN_COMMA = YES;
				CLANG_WARN_CONSTANT_CONVERSION = YES;
				CLANG_WARN_DEPRECATED_OBJC_IMPLEMENTATIONS = YES;
				CLANG_WARN_DIRECT_OBJC_ISA_USAGE = YES_ERROR;
				CLANG_WARN_DOCUMENTATION_COMMENTS = YES;
				CLANG_WARN_EMPTY_BODY = YES;
				CLANG_WARN_ENUM_CONVERSION = YES;
				CLANG_WARN_INFINITE_RECURSION = YES;
				CLANG_WARN_INT_CONVERSION = YES;
				CLANG_WARN_NON_LITERAL_NULL_CONVERSION = YES;
				CLANG_WARN_OBJC_IMPLICIT_RETAIN_SELF = YES;
				CLANG_WARN_OBJC_LITERAL_CONVERSION = YES;
				CLANG_WARN_OBJC_ROOT_CLASS = YES_ERROR;
				CLANG_WARN_RANGE_LOOP_ANALYSIS = YES;
				CLANG_WARN_STRICT_PROTOTYPES = YES;
				CLANG_WARN_SUSPICIOUS_MOVE = YES;
				CLANG_WARN_UNGUARDED_AVAILABILITY = YES_AGGRESSIVE;
				CLANG_WARN_UNREACHABLE_CODE = YES;
				CLANG_WARN__DUPLICATE_METHOD_MATCH = YES;
				COPY_PHASE_STRIP = NO;
				DEBUG_INFORMATION_FORMAT = dwarf;
				ENABLE_STRICT_OBJC_MSGSEND = YES;
				ENABLE_TESTABILITY = YES;
				GCC_C_LANGUAGE_STANDARD = gnu11;
				GCC_DYNAMIC_NO_PIC = NO;
				GCC_NO_COMMON_BLOCKS = YES;
				GCC_OPTIMIZATION_LEVEL = 0;
				GCC_PREPROCESSOR_DEFINITIONS = (
					"DEBUG=1",
					"$(inherited)",
				);
				GCC_WARN_64_TO_32_BIT_CONVERSION = YES;
				GCC_WARN_ABOUT_RETURN_TYPE = YES_ERROR;
				GCC_WARN_UNDECLARED_SELECTOR = YES;
				GCC_WARN_UNINITIALIZED_AUTOS = YES_AGGRESSIVE;
				GCC_WARN_UNUSED_FUNCTION = YES;
				GCC_WARN_UNUSED_VARIABLE = YES;
				IPHONEOS_DEPLOYMENT_TARGET = 13.2;
				MTL_ENABLE_DEBUG_INFO = INCLUDE_SOURCE;
				MTL_FAST_MATH = YES;
				ONLY_ACTIVE_ARCH = YES;
				SDKROOT = iphoneos;
				SWIFT_ACTIVE_COMPILATION_CONDITIONS = DEBUG;
				SWIFT_OPTIMIZATION_LEVEL = "-Onone";
			};
			name = Debug;
		};
		6AF3B8C523D0191C00F307CD /* Release */ = {
			isa = XCBuildConfiguration;
			buildSettings = {
				ALWAYS_SEARCH_USER_PATHS = NO;
				CLANG_ANALYZER_NONNULL = YES;
				CLANG_ANALYZER_NUMBER_OBJECT_CONVERSION = YES_AGGRESSIVE;
				CLANG_CXX_LANGUAGE_STANDARD = "gnu++14";
				CLANG_CXX_LIBRARY = "libc++";
				CLANG_ENABLE_MODULES = YES;
				CLANG_ENABLE_OBJC_ARC = YES;
				CLANG_ENABLE_OBJC_WEAK = YES;
				CLANG_WARN_BLOCK_CAPTURE_AUTORELEASING = YES;
				CLANG_WARN_BOOL_CONVERSION = YES;
				CLANG_WARN_COMMA = YES;
				CLANG_WARN_CONSTANT_CONVERSION = YES;
				CLANG_WARN_DEPRECATED_OBJC_IMPLEMENTATIONS = YES;
				CLANG_WARN_DIRECT_OBJC_ISA_USAGE = YES_ERROR;
				CLANG_WARN_DOCUMENTATION_COMMENTS = YES;
				CLANG_WARN_EMPTY_BODY = YES;
				CLANG_WARN_ENUM_CONVERSION = YES;
				CLANG_WARN_INFINITE_RECURSION = YES;
				CLANG_WARN_INT_CONVERSION = YES;
				CLANG_WARN_NON_LITERAL_NULL_CONVERSION = YES;
				CLANG_WARN_OBJC_IMPLICIT_RETAIN_SELF = YES;
				CLANG_WARN_OBJC_LITERAL_CONVERSION = YES;
				CLANG_WARN_OBJC_ROOT_CLASS = YES_ERROR;
				CLANG_WARN_RANGE_LOOP_ANALYSIS = YES;
				CLANG_WARN_STRICT_PROTOTYPES = YES;
				CLANG_WARN_SUSPICIOUS_MOVE = YES;
				CLANG_WARN_UNGUARDED_AVAILABILITY = YES_AGGRESSIVE;
				CLANG_WARN_UNREACHABLE_CODE = YES;
				CLANG_WARN__DUPLICATE_METHOD_MATCH = YES;
				COPY_PHASE_STRIP = NO;
				DEBUG_INFORMATION_FORMAT = "dwarf-with-dsym";
				ENABLE_NS_ASSERTIONS = NO;
				ENABLE_STRICT_OBJC_MSGSEND = YES;
				GCC_C_LANGUAGE_STANDARD = gnu11;
				GCC_NO_COMMON_BLOCKS = YES;
				GCC_WARN_64_TO_32_BIT_CONVERSION = YES;
				GCC_WARN_ABOUT_RETURN_TYPE = YES_ERROR;
				GCC_WARN_UNDECLARED_SELECTOR = YES;
				GCC_WARN_UNINITIALIZED_AUTOS = YES_AGGRESSIVE;
				GCC_WARN_UNUSED_FUNCTION = YES;
				GCC_WARN_UNUSED_VARIABLE = YES;
				IPHONEOS_DEPLOYMENT_TARGET = 13.2;
				MTL_ENABLE_DEBUG_INFO = NO;
				MTL_FAST_MATH = YES;
				SDKROOT = iphoneos;
				SWIFT_COMPILATION_MODE = wholemodule;
				SWIFT_OPTIMIZATION_LEVEL = "-O";
				VALIDATE_PRODUCT = YES;
			};
			name = Release;
		};
		6AF3B8C723D0191C00F307CD /* Debug */ = {
			isa = XCBuildConfiguration;
			buildSettings = {
				ASSETCATALOG_COMPILER_APPICON_NAME = AppIcon;
				CODE_SIGN_STYLE = Automatic;
				DEVELOPMENT_ASSET_PATHS = "\"SPD Attendance/Preview Content\"";
				DEVELOPMENT_TEAM = X5U66946L9;
				ENABLE_PREVIEWS = YES;
				INFOPLIST_FILE = "SPD Attendance/Info.plist";
				LD_RUNPATH_SEARCH_PATHS = (
					"$(inherited)",
					"@executable_path/Frameworks",
				);
				PRODUCT_BUNDLE_IDENTIFIER = "jdrews.SPD-Attendance";
				PRODUCT_NAME = "$(TARGET_NAME)";
				SWIFT_VERSION = 5.0;
				TARGETED_DEVICE_FAMILY = "1,2";
			};
			name = Debug;
		};
		6AF3B8C823D0191C00F307CD /* Release */ = {
			isa = XCBuildConfiguration;
			buildSettings = {
				ASSETCATALOG_COMPILER_APPICON_NAME = AppIcon;
				CODE_SIGN_STYLE = Automatic;
				DEVELOPMENT_ASSET_PATHS = "\"SPD Attendance/Preview Content\"";
				DEVELOPMENT_TEAM = X5U66946L9;
				ENABLE_PREVIEWS = YES;
				INFOPLIST_FILE = "SPD Attendance/Info.plist";
				LD_RUNPATH_SEARCH_PATHS = (
					"$(inherited)",
					"@executable_path/Frameworks",
				);
				PRODUCT_BUNDLE_IDENTIFIER = "jdrews.SPD-Attendance";
				PRODUCT_NAME = "$(TARGET_NAME)";
				SWIFT_VERSION = 5.0;
				TARGETED_DEVICE_FAMILY = "1,2";
			};
			name = Release;
		};
		6AF3B8CA23D0191C00F307CD /* Debug */ = {
			isa = XCBuildConfiguration;
			buildSettings = {
				ALWAYS_EMBED_SWIFT_STANDARD_LIBRARIES = YES;
				BUNDLE_LOADER = "$(TEST_HOST)";
				CODE_SIGN_STYLE = Automatic;
				DEVELOPMENT_TEAM = X5U66946L9;
				INFOPLIST_FILE = "SPD AttendanceTests/Info.plist";
				IPHONEOS_DEPLOYMENT_TARGET = 13.2;
				LD_RUNPATH_SEARCH_PATHS = (
					"$(inherited)",
					"@executable_path/Frameworks",
					"@loader_path/Frameworks",
				);
				PRODUCT_BUNDLE_IDENTIFIER = "jdrews.SPD-AttendanceTests";
				PRODUCT_NAME = "$(TARGET_NAME)";
				SWIFT_VERSION = 5.0;
				TARGETED_DEVICE_FAMILY = "1,2";
				TEST_HOST = "$(BUILT_PRODUCTS_DIR)/SPD Attendance.app/SPD Attendance";
			};
			name = Debug;
		};
		6AF3B8CB23D0191C00F307CD /* Release */ = {
			isa = XCBuildConfiguration;
			buildSettings = {
				ALWAYS_EMBED_SWIFT_STANDARD_LIBRARIES = YES;
				BUNDLE_LOADER = "$(TEST_HOST)";
				CODE_SIGN_STYLE = Automatic;
				DEVELOPMENT_TEAM = X5U66946L9;
				INFOPLIST_FILE = "SPD AttendanceTests/Info.plist";
				IPHONEOS_DEPLOYMENT_TARGET = 13.2;
				LD_RUNPATH_SEARCH_PATHS = (
					"$(inherited)",
					"@executable_path/Frameworks",
					"@loader_path/Frameworks",
				);
				PRODUCT_BUNDLE_IDENTIFIER = "jdrews.SPD-AttendanceTests";
				PRODUCT_NAME = "$(TARGET_NAME)";
				SWIFT_VERSION = 5.0;
				TARGETED_DEVICE_FAMILY = "1,2";
				TEST_HOST = "$(BUILT_PRODUCTS_DIR)/SPD Attendance.app/SPD Attendance";
			};
			name = Release;
		};
		6AF3B8CD23D0191C00F307CD /* Debug */ = {
			isa = XCBuildConfiguration;
			buildSettings = {
				ALWAYS_EMBED_SWIFT_STANDARD_LIBRARIES = YES;
				CODE_SIGN_STYLE = Automatic;
				DEVELOPMENT_TEAM = X5U66946L9;
				INFOPLIST_FILE = "SPD AttendanceUITests/Info.plist";
				LD_RUNPATH_SEARCH_PATHS = (
					"$(inherited)",
					"@executable_path/Frameworks",
					"@loader_path/Frameworks",
				);
				PRODUCT_BUNDLE_IDENTIFIER = "jdrews.SPD-AttendanceUITests";
				PRODUCT_NAME = "$(TARGET_NAME)";
				SWIFT_VERSION = 5.0;
				TARGETED_DEVICE_FAMILY = "1,2";
				TEST_TARGET_NAME = "SPD Attendance";
			};
			name = Debug;
		};
		6AF3B8CE23D0191C00F307CD /* Release */ = {
			isa = XCBuildConfiguration;
			buildSettings = {
				ALWAYS_EMBED_SWIFT_STANDARD_LIBRARIES = YES;
				CODE_SIGN_STYLE = Automatic;
				DEVELOPMENT_TEAM = X5U66946L9;
				INFOPLIST_FILE = "SPD AttendanceUITests/Info.plist";
				LD_RUNPATH_SEARCH_PATHS = (
					"$(inherited)",
					"@executable_path/Frameworks",
					"@loader_path/Frameworks",
				);
				PRODUCT_BUNDLE_IDENTIFIER = "jdrews.SPD-AttendanceUITests";
				PRODUCT_NAME = "$(TARGET_NAME)";
				SWIFT_VERSION = 5.0;
				TARGETED_DEVICE_FAMILY = "1,2";
				TEST_TARGET_NAME = "SPD Attendance";
			};
			name = Release;
		};
/* End XCBuildConfiguration section */

/* Begin XCConfigurationList section */
		6AF3B89723D0191600F307CD /* Build configuration list for PBXProject "SPD Attendance" */ = {
			isa = XCConfigurationList;
			buildConfigurations = (
				6AF3B8C423D0191C00F307CD /* Debug */,
				6AF3B8C523D0191C00F307CD /* Release */,
			);
			defaultConfigurationIsVisible = 0;
			defaultConfigurationName = Release;
		};
		6AF3B8C623D0191C00F307CD /* Build configuration list for PBXNativeTarget "SPD Attendance" */ = {
			isa = XCConfigurationList;
			buildConfigurations = (
				6AF3B8C723D0191C00F307CD /* Debug */,
				6AF3B8C823D0191C00F307CD /* Release */,
			);
			defaultConfigurationIsVisible = 0;
			defaultConfigurationName = Release;
		};
		6AF3B8C923D0191C00F307CD /* Build configuration list for PBXNativeTarget "SPD AttendanceTests" */ = {
			isa = XCConfigurationList;
			buildConfigurations = (
				6AF3B8CA23D0191C00F307CD /* Debug */,
				6AF3B8CB23D0191C00F307CD /* Release */,
			);
			defaultConfigurationIsVisible = 0;
			defaultConfigurationName = Release;
		};
		6AF3B8CC23D0191C00F307CD /* Build configuration list for PBXNativeTarget "SPD AttendanceUITests" */ = {
			isa = XCConfigurationList;
			buildConfigurations = (
				6AF3B8CD23D0191C00F307CD /* Debug */,
				6AF3B8CE23D0191C00F307CD /* Release */,
			);
			defaultConfigurationIsVisible = 0;
			defaultConfigurationName = Release;
		};
/* End XCConfigurationList section */
	};
	rootObject = 6AF3B89423D0191600F307CD /* Project object */;
}
